
Microsoft Visual Studio Solution File, Format Version 12.00
# Visual Studio Version 16
VisualStudioVersion = 16.0.31424.327
MinimumVisualStudioVersion = 10.0.40219.1
Project("{FAE04EC0-301F-11D3-BF4B-00C04F79EFBC}") = "ContosoUniversity", "ContosoUniversity.csproj", "{117D5EF5-2406-470D-9ADD-0BE5750B74AF}"
EndProject
Global
	GlobalSection(SolutionConfigurationPlatforms) = preSolution
		Debug|Any CPU = Debug|Any CPU
		Release|Any CPU = Release|Any CPU
	EndGlobalSection
	GlobalSection(ProjectConfigurationPlatforms) = postSolution
		{117D5EF5-2406-470D-9ADD-0BE5750B74AF}.Debug|Any CPU.ActiveCfg = Debug|Any CPU
		{117D5EF5-2406-470D-9ADD-0BE5750B74AF}.Debug|Any CPU.Build.0 = Debug|Any CPU
		{117D5EF5-2406-470D-9ADD-0BE5750B74AF}.Release|Any CPU.ActiveCfg = Release|Any CPU
		{117D5EF5-2406-470D-9ADD-0BE5750B74AF}.Release|Any CPU.Build.0 = Release|Any CPU
	EndGlobalSection
	GlobalSection(SolutionProperties) = preSolution
		HideSolutionNode = FALSE
	EndGlobalSection
	GlobalSection(ExtensibilityGlobals) = postSolution
		SolutionGuid = {817801F9-3F6E-443E-BE8E-945691581776}
	EndGlobalSection
EndGlobal
